
Microsoft Visual Studio Solution File, Format Version 12.00
# Visual Studio Version 17
VisualStudioVersion = 17.3.32929.385
MinimumVisualStudioVersion = 10.0.40219.1
Project("{FAE04EC0-301F-11D3-BF4B-00C04F79EFBC}") = "BlackBox3", "BlackBox3\BlackBox3.csproj", "{32917C52-E5DA-4E5E-AE42-D340AA30C6C1}"
EndProject
Global
	GlobalSection(SolutionConfigurationPlatforms) = preSolution
		Debug|Any CPU = Debug|Any CPU
		Release|Any CPU = Release|Any CPU
	EndGlobalSection
	GlobalSection(ProjectConfigurationPlatforms) = postSolution
		{32917C52-E5DA-4E5E-AE42-D340AA30C6C1}.Debug|Any CPU.ActiveCfg = Debug|Any CPU
		{32917C52-E5DA-4E5E-AE42-D340AA30C6C1}.Debug|Any CPU.Build.0 = Debug|Any CPU
		{32917C52-E5DA-4E5E-AE42-D340AA30C6C1}.Release|Any CPU.ActiveCfg = Release|Any CPU
		{32917C52-E5DA-4E5E-AE42-D340AA30C6C1}.Release|Any CPU.Build.0 = Release|Any CPU
	EndGlobalSection
	GlobalSection(SolutionProperties) = preSolution
		HideSolutionNode = FALSE
	EndGlobalSection
	GlobalSection(ExtensibilityGlobals) = postSolution
		SolutionGuid = {F4105BAE-CF00-4AFF-9A92-9B2C41781FD8}
	EndGlobalSection
EndGlobal
